
Microsoft Visual Studio Solution File, Format Version 12.00
# Visual Studio Version 17
VisualStudioVersion = 17.5.33516.290
MinimumVisualStudioVersion = 10.0.40219.1
Project("{FAE04EC0-301F-11D3-BF4B-00C04F79EFBC}") = "ComponentBindingBlazorServer", "ComponentBindingBlazorServer\ComponentBindingBlazorServer.csproj", "{9684439B-3763-4001-9AAC-18F6ECDD6257}"
EndProject
Global
	GlobalSection(SolutionConfigurationPlatforms) = preSolution
		Debug|Any CPU = Debug|Any CPU
		Release|Any CPU = Release|Any CPU
	EndGlobalSection
	GlobalSection(ProjectConfigurationPlatforms) = postSolution
		{9684439B-3763-4001-9AAC-18F6ECDD6257}.Debug|Any CPU.ActiveCfg = Debug|Any CPU
		{9684439B-3763-4001-9AAC-18F6ECDD6257}.Debug|Any CPU.Build.0 = Debug|Any CPU
		{9684439B-3763-4001-9AAC-18F6ECDD6257}.Release|Any CPU.ActiveCfg = Release|Any CPU
		{9684439B-3763-4001-9AAC-18F6ECDD6257}.Release|Any CPU.Build.0 = Release|Any CPU
	EndGlobalSection
	GlobalSection(SolutionProperties) = preSolution
		HideSolutionNode = FALSE
	EndGlobalSection
	GlobalSection(ExtensibilityGlobals) = postSolution
		SolutionGuid = {86773C88-18C6-4B73-B248-6E4F79589998}
	EndGlobalSection
EndGlobal
